// !$*UTF8*$!
{
	archiveVersion = 1;
	classes = {
	};
	objectVersion = 56;
	objects = {

/* Begin PBXBuildFile section */
		2ADB382F294DAB40003FB352 /* AppDelegate.swift in Sources */ = {isa = PBXBuildFile; fileRef = 2ADB382E294DAB40003FB352 /* AppDelegate.swift */; };
		2ADB3831294DAB40003FB352 /* SceneDelegate.swift in Sources */ = {isa = PBXBuildFile; fileRef = 2ADB3830294DAB40003FB352 /* SceneDelegate.swift */; };
		2ADB3833294DAB40003FB352 /* ViewController.swift in Sources */ = {isa = PBXBuildFile; fileRef = 2ADB3832294DAB40003FB352 /* ViewController.swift */; };
		2ADB3836294DAB40003FB352 /* Main.storyboard in Resources */ = {isa = PBXBuildFile; fileRef = 2ADB3834294DAB40003FB352 /* Main.storyboard */; };
		2ADB3839294DAB40003FB352 /* memeME1.xcdatamodeld in Sources */ = {isa = PBXBuildFile; fileRef = 2ADB3837294DAB40003FB352 /* memeME1.xcdatamodeld */; };
		2ADB383B294DAB42003FB352 /* Assets.xcassets in Resources */ = {isa = PBXBuildFile; fileRef = 2ADB383A294DAB42003FB352 /* Assets.xcassets */; };
		2ADB383E294DAB42003FB352 /* LaunchScreen.storyboard in Resources */ = {isa = PBXBuildFile; fileRef = 2ADB383C294DAB42003FB352 /* LaunchScreen.storyboard */; };
		2ADB3849294DAB43003FB352 /* memeME1Tests.swift in Sources */ = {isa = PBXBuildFile; fileRef = 2ADB3848294DAB43003FB352 /* memeME1Tests.swift */; };
		2ADB3853294DAB43003FB352 /* memeME1UITests.swift in Sources */ = {isa = PBXBuildFile; fileRef = 2ADB3852294DAB43003FB352 /* memeME1UITests.swift */; };
		2ADB3855294DAB43003FB352 /* memeME1UITestsLaunchTests.swift in Sources */ = {isa = PBXBuildFile; fileRef = 2ADB3854294DAB43003FB352 /* memeME1UITestsLaunchTests.swift */; };
/* End PBXBuildFile section */

/* Begin PBXContainerItemProxy section */
		2ADB3845294DAB43003FB352 /* PBXContainerItemProxy */ = {
			isa = PBXContainerItemProxy;
			containerPortal = 2ADB3823294DAB40003FB352 /* Project object */;
			proxyType = 1;
			remoteGlobalIDString = 2ADB382A294DAB40003FB352;
			remoteInfo = memeME1;
		};
		2ADB384F294DAB43003FB352 /* PBXContainerItemProxy */ = {
			isa = PBXContainerItemProxy;
			containerPortal = 2ADB3823294DAB40003FB352 /* Project object */;
			proxyType = 1;
			remoteGlobalIDString = 2ADB382A294DAB40003FB352;
			remoteInfo = memeME1;
		};
/* End PBXContainerItemProxy section */

/* Begin PBXFileReference section */
		2ADB382B294DAB40003FB352 /* memeME1.app */ = {isa = PBXFileReference; explicitFileType = wrapper.application; includeInIndex = 0; path = memeME1.app; sourceTree = BUILT_PRODUCTS_DIR; };
		2ADB382E294DAB40003FB352 /* AppDelegate.swift */ = {isa = PBXFileReference; lastKnownFileType = sourcecode.swift; path = AppDelegate.swift; sourceTree = "<group>"; };
		2ADB3830294DAB40003FB352 /* SceneDelegate.swift */ = {isa = PBXFileReference; lastKnownFileType = sourcecode.swift; path = SceneDelegate.swift; sourceTree = "<group>"; };
		2ADB3832294DAB40003FB352 /* ViewController.swift */ = {isa = PBXFileReference; lastKnownFileType = sourcecode.swift; path = ViewController.swift; sourceTree = "<group>"; };
		2ADB3835294DAB40003FB352 /* Base */ = {isa = PBXFileReference; lastKnownFileType = file.storyboard; name = Base; path = Base.lproj/Main.storyboard; sourceTree = "<group>"; };
		2ADB3838294DAB40003FB352 /* memeME1.xcdatamodel */ = {isa = PBXFileReference; lastKnownFileType = wrapper.xcdatamodel; path = memeME1.xcdatamodel; sourceTree = "<group>"; };
		2ADB383A294DAB42003FB352 /* Assets.xcassets */ = {isa = PBXFileReference; lastKnownFileType = folder.assetcatalog; path = Assets.xcassets; sourceTree = "<group>"; };
		2ADB383D294DAB42003FB352 /* Base */ = {isa = PBXFileReference; lastKnownFileType = file.storyboard; name = Base; path = Base.lproj/LaunchScreen.storyboard; sourceTree = "<group>"; };
		2ADB383F294DAB42003FB352 /* Info.plist */ = {isa = PBXFileReference; lastKnownFileType = text.plist.xml; path = Info.plist; sourceTree = "<group>"; };
		2ADB3844294DAB43003FB352 /* memeME1Tests.xctest */ = {isa = PBXFileReference; explicitFileType = wrapper.cfbundle; includeInIndex = 0; path = memeME1Tests.xctest; sourceTree = BUILT_PRODUCTS_DIR; };
		2ADB3848294DAB43003FB352 /* memeME1Tests.swift */ = {isa = PBXFileReference; lastKnownFileType = sourcecode.swift; path = memeME1Tests.swift; sourceTree = "<group>"; };
		2ADB384E294DAB43003FB352 /* memeME1UITests.xctest */ = {isa = PBXFileReference; explicitFileType = wrapper.cfbundle; includeInIndex = 0; path = memeME1UITests.xctest; sourceTree = BUILT_PRODUCTS_DIR; };
		2ADB3852294DAB43003FB352 /* memeME1UITests.swift */ = {isa = PBXFileReference; lastKnownFileType = sourcecode.swift; path = memeME1UITests.swift; sourceTree = "<group>"; };
		2ADB3854294DAB43003FB352 /* memeME1UITestsLaunchTests.swift */ = {isa = PBXFileReference; lastKnownFileType = sourcecode.swift; path = memeME1UITestsLaunchTests.swift; sourceTree = "<group>"; };
/* End PBXFileReference section */

/* Begin PBXFrameworksBuildPhase section */
		2ADB3828294DAB40003FB352 /* Frameworks */ = {
			isa = PBXFrameworksBuildPhase;
			buildActionMask = 2147483647;
			files = (
			);
			runOnlyForDeploymentPostprocessing = 0;
		};
		2ADB3841294DAB43003FB352 /* Frameworks */ = {
			isa = PBXFrameworksBuildPhase;
			buildActionMask = 2147483647;
			files = (
			);
			runOnlyForDeploymentPostprocessing = 0;
		};
		2ADB384B294DAB43003FB352 /* Frameworks */ = {
			isa = PBXFrameworksBuildPhase;
			buildActionMask = 2147483647;
			files = (
			);
			runOnlyForDeploymentPostprocessing = 0;
		};
/* End PBXFrameworksBuildPhase section */

/* Begin PBXGroup section */
		2ADB3822294DAB40003FB352 = {
			isa = PBXGroup;
			children = (
				2ADB382D294DAB40003FB352 /* memeME1 */,
				2ADB3847294DAB43003FB352 /* memeME1Tests */,
				2ADB3851294DAB43003FB352 /* memeME1UITests */,
				2ADB382C294DAB40003FB352 /* Products */,
			);
			sourceTree = "<group>";
		};
		2ADB382C294DAB40003FB352 /* Products */ = {
			isa = PBXGroup;
			children = (
				2ADB382B294DAB40003FB352 /* memeME1.app */,
				2ADB3844294DAB43003FB352 /* memeME1Tests.xctest */,
				2ADB384E294DAB43003FB352 /* memeME1UITests.xctest */,
			);
			name = Products;
			sourceTree = "<group>";
		};
		2ADB382D294DAB40003FB352 /* memeME1 */ = {
			isa = PBXGroup;
			children = (
				2ADB382E294DAB40003FB352 /* AppDelegate.swift */,
				2ADB3830294DAB40003FB352 /* SceneDelegate.swift */,
				2ADB3832294DAB40003FB352 /* ViewController.swift */,
				2ADB3834294DAB40003FB352 /* Main.storyboard */,
				2ADB383A294DAB42003FB352 /* Assets.xcassets */,
				2ADB383C294DAB42003FB352 /* LaunchScreen.storyboard */,
				2ADB383F294DAB42003FB352 /* Info.plist */,
				2ADB3837294DAB40003FB352 /* memeME1.xcdatamodeld */,
			);
			path = memeME1;
			sourceTree = "<group>";
		};
		2ADB3847294DAB43003FB352 /* memeME1Tests */ = {
			isa = PBXGroup;
			children = (
				2ADB3848294DAB43003FB352 /* memeME1Tests.swift */,
			);
			path = memeME1Tests;
			sourceTree = "<group>";
		};
		2ADB3851294DAB43003FB352 /* memeME1UITests */ = {
			isa = PBXGroup;
			children = (
				2ADB3852294DAB43003FB352 /* memeME1UITests.swift */,
				2ADB3854294DAB43003FB352 /* memeME1UITestsLaunchTests.swift */,
			);
			path = memeME1UITests;
			sourceTree = "<group>";
		};
/* End PBXGroup section */

/* Begin PBXNativeTarget section */
		2ADB382A294DAB40003FB352 /* memeME1 */ = {
			isa = PBXNativeTarget;
			buildConfigurationList = 2ADB3858294DAB43003FB352 /* Build configuration list for PBXNativeTarget "memeME1" */;
			buildPhases = (
				2ADB3827294DAB40003FB352 /* Sources */,
				2ADB3828294DAB40003FB352 /* Frameworks */,
				2ADB3829294DAB40003FB352 /* Resources */,
			);
			buildRules = (
			);
			dependencies = (
			);
			name = memeME1;
			productName = memeME1;
			productReference = 2ADB382B294DAB40003FB352 /* memeME1.app */;
			productType = "com.apple.product-type.application";
		};
		2ADB3843294DAB43003FB352 /* memeME1Tests */ = {
			isa = PBXNativeTarget;
			buildConfigurationList = 2ADB385B294DAB43003FB352 /* Build configuration list for PBXNativeTarget "memeME1Tests" */;
			buildPhases = (
				2ADB3840294DAB43003FB352 /* Sources */,
				2ADB3841294DAB43003FB352 /* Frameworks */,
				2ADB3842294DAB43003FB352 /* Resources */,
			);
			buildRules = (
			);
			dependencies = (
				2ADB3846294DAB43003FB352 /* PBXTargetDependency */,
			);
			name = memeME1Tests;
			productName = memeME1Tests;
			productReference = 2ADB3844294DAB43003FB352 /* memeME1Tests.xctest */;
			productType = "com.apple.product-type.bundle.unit-test";
		};
		2ADB384D294DAB43003FB352 /* memeME1UITests */ = {
			isa = PBXNativeTarget;
			buildConfigurationList = 2ADB385E294DAB43003FB352 /* Build configuration list for PBXNativeTarget "memeME1UITests" */;
			buildPhases = (
				2ADB384A294DAB43003FB352 /* Sources */,
				2ADB384B294DAB43003FB352 /* Frameworks */,
				2ADB384C294DAB43003FB352 /* Resources */,
			);
			buildRules = (
			);
			dependencies = (
				2ADB3850294DAB43003FB352 /* PBXTargetDependency */,
			);
			name = memeME1UITests;
			productName = memeME1UITests;
			productReference = 2ADB384E294DAB43003FB352 /* memeME1UITests.xctest */;
			productType = "com.apple.product-type.bundle.ui-testing";
		};
/* End PBXNativeTarget section */

/* Begin PBXProject section */
		2ADB3823294DAB40003FB352 /* Project object */ = {
			isa = PBXProject;
			attributes = {
				BuildIndependentTargetsInParallel = 1;
				LastSwiftUpdateCheck = 1410;
				LastUpgradeCheck = 1410;
				TargetAttributes = {
					2ADB382A294DAB40003FB352 = {
						CreatedOnToolsVersion = 14.1;
					};
					2ADB3843294DAB43003FB352 = {
						CreatedOnToolsVersion = 14.1;
						TestTargetID = 2ADB382A294DAB40003FB352;
					};
					2ADB384D294DAB43003FB352 = {
						CreatedOnToolsVersion = 14.1;
						TestTargetID = 2ADB382A294DAB40003FB352;
					};
				};
			};
			buildConfigurationList = 2ADB3826294DAB40003FB352 /* Build configuration list for PBXProject "memeME1" */;
			compatibilityVersion = "Xcode 14.0";
			developmentRegion = en;
			hasScannedForEncodings = 0;
			knownRegions = (
				en,
				Base,
			);
			mainGroup = 2ADB3822294DAB40003FB352;
			productRefGroup = 2ADB382C294DAB40003FB352 /* Products */;
			projectDirPath = "";
			projectRoot = "";
			targets = (
				2ADB382A294DAB40003FB352 /* memeME1 */,
				2ADB3843294DAB43003FB352 /* memeME1Tests */,
				2ADB384D294DAB43003FB352 /* memeME1UITests */,
			);
		};
/* End PBXProject section */

/* Begin PBXResourcesBuildPhase section */
		2ADB3829294DAB40003FB352 /* Resources */ = {
			isa = PBXResourcesBuildPhase;
			buildActionMask = 2147483647;
			files = (
				2ADB383E294DAB42003FB352 /* LaunchScreen.storyboard in Resources */,
				2ADB383B294DAB42003FB352 /* Assets.xcassets in Resources */,
				2ADB3836294DAB40003FB352 /* Main.storyboard in Resources */,
			);
			runOnlyForDeploymentPostprocessing = 0;
		};
		2ADB3842294DAB43003FB352 /* Resources */ = {
			isa = PBXResourcesBuildPhase;
			buildActionMask = 2147483647;
			files = (
			);
			runOnlyForDeploymentPostprocessing = 0;
		};
		2ADB384C294DAB43003FB352 /* Resources */ = {
			isa = PBXResourcesBuildPhase;
			buildActionMask = 2147483647;
			files = (
			);
			runOnlyForDeploymentPostprocessing = 0;
		};
/* End PBXResourcesBuildPhase section */

/* Begin PBXSourcesBuildPhase section */
		2ADB3827294DAB40003FB352 /* Sources */ = {
			isa = PBXSourcesBuildPhase;
			buildActionMask = 2147483647;
			files = (
				2ADB3833294DAB40003FB352 /* ViewController.swift in Sources */,
				2ADB382F294DAB40003FB352 /* AppDelegate.swift in Sources */,
				2ADB3831294DAB40003FB352 /* SceneDelegate.swift in Sources */,
				2ADB3839294DAB40003FB352 /* memeME1.xcdatamodeld in Sources */,
			);
			runOnlyForDeploymentPostprocessing = 0;
		};
		2ADB3840294DAB43003FB352 /* Sources */ = {
			isa = PBXSourcesBuildPhase;
			buildActionMask = 2147483647;
			files = (
				2ADB3849294DAB43003FB352 /* memeME1Tests.swift in Sources */,
			);
			runOnlyForDeploymentPostprocessing = 0;
		};
		2ADB384A294DAB43003FB352 /* Sources */ = {
			isa = PBXSourcesBuildPhase;
			buildActionMask = 2147483647;
			files = (
				2ADB3855294DAB43003FB352 /* memeME1UITestsLaunchTests.swift in Sources */,
				2ADB3853294DAB43003FB352 /* memeME1UITests.swift in Sources */,
			);
			runOnlyForDeploymentPostprocessing = 0;
		};
/* End PBXSourcesBuildPhase section */

/* Begin PBXTargetDependency section */
		2ADB3846294DAB43003FB352 /* PBXTargetDependency */ = {
			isa = PBXTargetDependency;
			target = 2ADB382A294DAB40003FB352 /* memeME1 */;
			targetProxy = 2ADB3845294DAB43003FB352 /* PBXContainerItemProxy */;
		};
		2ADB3850294DAB43003FB352 /* PBXTargetDependency */ = {
			isa = PBXTargetDependency;
			target = 2ADB382A294DAB40003FB352 /* memeME1 */;
			targetProxy = 2ADB384F294DAB43003FB352 /* PBXContainerItemProxy */;
		};
/* End PBXTargetDependency section */

/* Begin PBXVariantGroup section */
		2ADB3834294DAB40003FB352 /* Main.storyboard */ = {
			isa = PBXVariantGroup;
			children = (
				2ADB3835294DAB40003FB352 /* Base */,
			);
			name = Main.storyboard;
			sourceTree = "<group>";
		};
		2ADB383C294DAB42003FB352 /* LaunchScreen.storyboard */ = {
			isa = PBXVariantGroup;
			children = (
				2ADB383D294DAB42003FB352 /* Base */,
			);
			name = LaunchScreen.storyboard;
			sourceTree = "<group>";
		};
/* End PBXVariantGroup section */

/* Begin XCBuildConfiguration section */
		2ADB3856294DAB43003FB352 /* Debug */ = {
			isa = XCBuildConfiguration;
			buildSettings = {
				ALWAYS_SEARCH_USER_PATHS = NO;
				CLANG_ANALYZER_NONNULL = YES;
				CLANG_ANALYZER_NUMBER_OBJECT_CONVERSION = YES_AGGRESSIVE;
				CLANG_CXX_LANGUAGE_STANDARD = "gnu++20";
				CLANG_ENABLE_MODULES = YES;
				CLANG_ENABLE_OBJC_ARC = YES;
				CLANG_ENABLE_OBJC_WEAK = YES;
				CLANG_WARN_BLOCK_CAPTURE_AUTORELEASING = YES;
				CLANG_WARN_BOOL_CONVERSION = YES;
				CLANG_WARN_COMMA = YES;
				CLANG_WARN_CONSTANT_CONVERSION = YES;
				CLANG_WARN_DEPRECATED_OBJC_IMPLEMENTATIONS = YES;
				CLANG_WARN_DIRECT_OBJC_ISA_USAGE = YES_ERROR;
				CLANG_WARN_DOCUMENTATION_COMMENTS = YES;
				CLANG_WARN_EMPTY_BODY = YES;
				CLANG_WARN_ENUM_CONVERSION = YES;
				CLANG_WARN_INFINITE_RECURSION = YES;
				CLANG_WARN_INT_CONVERSION = YES;
				CLANG_WARN_NON_LITERAL_NULL_CONVERSION = YES;
				CLANG_WARN_OBJC_IMPLICIT_RETAIN_SELF = YES;
				CLANG_WARN_OBJC_LITERAL_CONVERSION = YES;
				CLANG_WARN_OBJC_ROOT_CLASS = YES_ERROR;
				CLANG_WARN_QUOTED_INCLUDE_IN_FRAMEWORK_HEADER = YES;
				CLANG_WARN_RANGE_LOOP_ANALYSIS = YES;
				CLANG_WARN_STRICT_PROTOTYPES = YES;
				CLANG_WARN_SUSPICIOUS_MOVE = YES;
				CLANG_WARN_UNGUARDED_AVAILABILITY = YES_AGGRESSIVE;
				CLANG_WARN_UNREACHABLE_CODE = YES;
				CLANG_WARN__DUPLICATE_METHOD_MATCH = YES;
				COPY_PHASE_STRIP = NO;
				DEBUG_INFORMATION_FORMAT = dwarf;
				ENABLE_STRICT_OBJC_MSGSEND = YES;
				ENABLE_TESTABILITY = YES;
				GCC_C_LANGUAGE_STANDARD = gnu11;
				GCC_DYNAMIC_NO_PIC = NO;
				GCC_NO_COMMON_BLOCKS = YES;
				GCC_OPTIMIZATION_LEVEL = 0;
				GCC_PREPROCESSOR_DEFINITIONS = (
					"DEBUG=1",
					"$(inherited)",
				);
				GCC_WARN_64_TO_32_BIT_CONVERSION = YES;
				GCC_WARN_ABOUT_RETURN_TYPE = YES_ERROR;
				GCC_WARN_UNDECLARED_SELECTOR = YES;
				GCC_WARN_UNINITIALIZED_AUTOS = YES_AGGRESSIVE;
				GCC_WARN_UNUSED_FUNCTION = YES;
				GCC_WARN_UNUSED_VARIABLE = YES;
				IPHONEOS_DEPLOYMENT_TARGET = 16.1;
				MTL_ENABLE_DEBUG_INFO = INCLUDE_SOURCE;
				MTL_FAST_MATH = YES;
				ONLY_ACTIVE_ARCH = YES;
				SDKROOT = iphoneos;
				SWIFT_ACTIVE_COMPILATION_CONDITIONS = DEBUG;
				SWIFT_OPTIMIZATION_LEVEL = "-Onone";
			};
			name = Debug;
		};
		2ADB3857294DAB43003FB352 /* Release */ = {
			isa = XCBuildConfiguration;
			buildSettings = {
				ALWAYS_SEARCH_USER_PATHS = NO;
				CLANG_ANALYZER_NONNULL = YES;
				CLANG_ANALYZER_NUMBER_OBJECT_CONVERSION = YES_AGGRESSIVE;
				CLANG_CXX_LANGUAGE_STANDARD = "gnu++20";
				CLANG_ENABLE_MODULES = YES;
				CLANG_ENABLE_OBJC_ARC = YES;
				CLANG_ENABLE_OBJC_WEAK = YES;
				CLANG_WARN_BLOCK_CAPTURE_AUTORELEASING = YES;
				CLANG_WARN_BOOL_CONVERSION = YES;
				CLANG_WARN_COMMA = YES;
				CLANG_WARN_CONSTANT_CONVERSION = YES;
				CLANG_WARN_DEPRECATED_OBJC_IMPLEMENTATIONS = YES;
				CLANG_WARN_DIRECT_OBJC_ISA_USAGE = YES_ERROR;
				CLANG_WARN_DOCUMENTATION_COMMENTS = YES;
				CLANG_WARN_EMPTY_BODY = YES;
				CLANG_WARN_ENUM_CONVERSION = YES;
				CLANG_WARN_INFINITE_RECURSION = YES;
				CLANG_WARN_INT_CONVERSION = YES;
				CLANG_WARN_NON_LITERAL_NULL_CONVERSION = YES;
				CLANG_WARN_OBJC_IMPLICIT_RETAIN_SELF = YES;
				CLANG_WARN_OBJC_LITERAL_CONVERSION = YES;
				CLANG_WARN_OBJC_ROOT_CLASS = YES_ERROR;
				CLANG_WARN_QUOTED_INCLUDE_IN_FRAMEWORK_HEADER = YES;
				CLANG_WARN_RANGE_LOOP_ANALYSIS = YES;
				CLANG_WARN_STRICT_PROTOTYPES = YES;
				CLANG_WARN_SUSPICIOUS_MOVE = YES;
				CLANG_WARN_UNGUARDED_AVAILABILITY = YES_AGGRESSIVE;
				CLANG_WARN_UNREACHABLE_CODE = YES;
				CLANG_WARN__DUPLICATE_METHOD_MATCH = YES;
				COPY_PHASE_STRIP = NO;
				DEBUG_INFORMATION_FORMAT = "dwarf-with-dsym";
				ENABLE_NS_ASSERTIONS = NO;
				ENABLE_STRICT_OBJC_MSGSEND = YES;
				GCC_C_LANGUAGE_STANDARD = gnu11;
				GCC_NO_COMMON_BLOCKS = YES;
				GCC_WARN_64_TO_32_BIT_CONVERSION = YES;
				GCC_WARN_ABOUT_RETURN_TYPE = YES_ERROR;
				GCC_WARN_UNDECLARED_SELECTOR = YES;
				GCC_WARN_UNINITIALIZED_AUTOS = YES_AGGRESSIVE;
				GCC_WARN_UNUSED_FUNCTION = YES;
				GCC_WARN_UNUSED_VARIABLE = YES;
				IPHONEOS_DEPLOYMENT_TARGET = 16.1;
				MTL_ENABLE_DEBUG_INFO = NO;
				MTL_FAST_MATH = YES;
				SDKROOT = iphoneos;
				SWIFT_COMPILATION_MODE = wholemodule;
				SWIFT_OPTIMIZATION_LEVEL = "-O";
				VALIDATE_PRODUCT = YES;
			};
			name = Release;
		};
		2ADB3859294DAB43003FB352 /* Debug */ = {
			isa = XCBuildConfiguration;
			buildSettings = {
				ASSETCATALOG_COMPILER_APPICON_NAME = AppIcon;
				ASSETCATALOG_COMPILER_GLOBAL_ACCENT_COLOR_NAME = AccentColor;
				CODE_SIGN_STYLE = Automatic;
				CURRENT_PROJECT_VERSION = 1;
				GENERATE_INFOPLIST_FILE = YES;
				INFOPLIST_FILE = memeME1/Info.plist;
				INFOPLIST_KEY_UIApplicationSupportsIndirectInputEvents = YES;
				INFOPLIST_KEY_UILaunchStoryboardName = LaunchScreen;
				INFOPLIST_KEY_UIMainStoryboardFile = Main;
				INFOPLIST_KEY_UISupportedInterfaceOrientations_iPad = "UIInterfaceOrientationPortrait UIInterfaceOrientationPortraitUpsideDown UIInterfaceOrientationLandscapeLeft UIInterfaceOrientationLandscapeRight";
				INFOPLIST_KEY_UISupportedInterfaceOrientations_iPhone = "UIInterfaceOrientationPortrait UIInterfaceOrientationLandscapeLeft UIInterfaceOrientationLandscapeRight";
				LD_RUNPATH_SEARCH_PATHS = (
					"$(inherited)",
					"@executable_path/Frameworks",
				);
				MARKETING_VERSION = 1.0;
				PRODUCT_BUNDLE_IDENTIFIER = safarifont.memeME1;
				PRODUCT_NAME = "$(TARGET_NAME)";
				SWIFT_EMIT_LOC_STRINGS = YES;
				SWIFT_VERSION = 5.0;
				TARGETED_DEVICE_FAMILY = "1,2";
			};
			name = Debug;
		};
		2ADB385A294DAB43003FB352 /* Release */ = {
			isa = XCBuildConfiguration;
			buildSettings = {
				ASSETCATALOG_COMPILER_APPICON_NAME = AppIcon;
				ASSETCATALOG_COMPILER_GLOBAL_ACCENT_COLOR_NAME = AccentColor;
				CODE_SIGN_STYLE = Automatic;
				CURRENT_PROJECT_VERSION = 1;
				GENERATE_INFOPLIST_FILE = YES;
				INFOPLIST_FILE = memeME1/Info.plist;
				INFOPLIST_KEY_UIApplicationSupportsIndirectInputEvents = YES;
				INFOPLIST_KEY_UILaunchStoryboardName = LaunchScreen;
				INFOPLIST_KEY_UIMainStoryboardFile = Main;
				INFOPLIST_KEY_UISupportedInterfaceOrientations_iPad = "UIInterfaceOrientationPortrait UIInterfaceOrientationPortraitUpsideDown UIInterfaceOrientationLandscapeLeft UIInterfaceOrientationLandscapeRight";
				INFOPLIST_KEY_UISupportedInterfaceOrientations_iPhone = "UIInterfaceOrientationPortrait UIInterfaceOrientationLandscapeLeft UIInterfaceOrientationLandscapeRight";
				LD_RUNPATH_SEARCH_PATHS = (
					"$(inherited)",
					"@executable_path/Frameworks",
				);
				MARKETING_VERSION = 1.0;
				PRODUCT_BUNDLE_IDENTIFIER = safarifont.memeME1;
				PRODUCT_NAME = "$(TARGET_NAME)";
				SWIFT_EMIT_LOC_STRINGS = YES;
				SWIFT_VERSION = 5.0;
				TARGETED_DEVICE_FAMILY = "1,2";
			};
			name = Release;
		};
		2ADB385C294DAB43003FB352 /* Debug */ = {
			isa = XCBuildConfiguration;
			buildSettings = {
				ALWAYS_EMBED_SWIFT_STANDARD_LIBRARIES = YES;
				BUNDLE_LOADER = "$(TEST_HOST)";
				CODE_SIGN_STYLE = Automatic;
				CURRENT_PROJECT_VERSION = 1;
				GENERATE_INFOPLIST_FILE = YES;
				IPHONEOS_DEPLOYMENT_TARGET = 16.1;
				MARKETING_VERSION = 1.0;
				PRODUCT_BUNDLE_IDENTIFIER = safarifont.memeME1Tests;
				PRODUCT_NAME = "$(TARGET_NAME)";
				SWIFT_EMIT_LOC_STRINGS = NO;
				SWIFT_VERSION = 5.0;
				TARGETED_DEVICE_FAMILY = "1,2";
				TEST_HOST = "$(BUILT_PRODUCTS_DIR)/memeME1.app/$(BUNDLE_EXECUTABLE_FOLDER_PATH)/memeME1";
			};
			name = Debug;
		};
		2ADB385D294DAB43003FB352 /* Release */ = {
			isa = XCBuildConfiguration;
			buildSettings = {
				ALWAYS_EMBED_SWIFT_STANDARD_LIBRARIES = YES;
				BUNDLE_LOADER = "$(TEST_HOST)";
				CODE_SIGN_STYLE = Automatic;
				CURRENT_PROJECT_VERSION = 1;
				GENERATE_INFOPLIST_FILE = YES;
				IPHONEOS_DEPLOYMENT_TARGET = 16.1;
				MARKETING_VERSION = 1.0;
				PRODUCT_BUNDLE_IDENTIFIER = safarifont.memeME1Tests;
				PRODUCT_NAME = "$(TARGET_NAME)";
				SWIFT_EMIT_LOC_STRINGS = NO;
				SWIFT_VERSION = 5.0;
				TARGETED_DEVICE_FAMILY = "1,2";
				TEST_HOST = "$(BUILT_PRODUCTS_DIR)/memeME1.app/$(BUNDLE_EXECUTABLE_FOLDER_PATH)/memeME1";
			};
			name = Release;
		};
		2ADB385F294DAB43003FB352 /* Debug */ = {
			isa = XCBuildConfiguration;
			buildSettings = {
				ALWAYS_EMBED_SWIFT_STANDARD_LIBRARIES = YES;
				CODE_SIGN_STYLE = Automatic;
				CURRENT_PROJECT_VERSION = 1;
				GENERATE_INFOPLIST_FILE = YES;
				MARKETING_VERSION = 1.0;
				PRODUCT_BUNDLE_IDENTIFIER = safarifont.memeME1UITests;
				PRODUCT_NAME = "$(TARGET_NAME)";
				SWIFT_EMIT_LOC_STRINGS = NO;
				SWIFT_VERSION = 5.0;
				TARGETED_DEVICE_FAMILY = "1,2";
				TEST_TARGET_NAME = memeME1;
			};
			name = Debug;
		};
		2ADB3860294DAB43003FB352 /* Release */ = {
			isa = XCBuildConfiguration;
			buildSettings = {
				ALWAYS_EMBED_SWIFT_STANDARD_LIBRARIES = YES;
				CODE_SIGN_STYLE = Automatic;
				CURRENT_PROJECT_VERSION = 1;
				GENERATE_INFOPLIST_FILE = YES;
				MARKETING_VERSION = 1.0;
				PRODUCT_BUNDLE_IDENTIFIER = safarifont.memeME1UITests;
				PRODUCT_NAME = "$(TARGET_NAME)";
				SWIFT_EMIT_LOC_STRINGS = NO;
				SWIFT_VERSION = 5.0;
				TARGETED_DEVICE_FAMILY = "1,2";
				TEST_TARGET_NAME = memeME1;
			};
			name = Release;
		};
/* End XCBuildConfiguration section */

/* Begin XCConfigurationList section */
		2ADB3826294DAB40003FB352 /* Build configuration list for PBXProject "memeME1" */ = {
			isa = XCConfigurationList;
			buildConfigurations = (
				2ADB3856294DAB43003FB352 /* Debug */,
				2ADB3857294DAB43003FB352 /* Release */,
			);
			defaultConfigurationIsVisible = 0;
			defaultConfigurationName = Release;
		};
		2ADB3858294DAB43003FB352 /* Build configuration list for PBXNativeTarget "memeME1" */ = {
			isa = XCConfigurationList;
			buildConfigurations = (
				2ADB3859294DAB43003FB352 /* Debug */,
				2ADB385A294DAB43003FB352 /* Release */,
			);
			defaultConfigurationIsVisible = 0;
			defaultConfigurationName = Release;
		};
		2ADB385B294DAB43003FB352 /* Build configuration list for PBXNativeTarget "memeME1Tests" */ = {
			isa = XCConfigurationList;
			buildConfigurations = (
				2ADB385C294DAB43003FB352 /* Debug */,
				2ADB385D294DAB43003FB352 /* Release */,
			);
			defaultConfigurationIsVisible = 0;
			defaultConfigurationName = Release;
		};
		2ADB385E294DAB43003FB352 /* Build configuration list for PBXNativeTarget "memeME1UITests" */ = {
			isa = XCConfigurationList;
			buildConfigurations = (
				2ADB385F294DAB43003FB352 /* Debug */,
				2ADB3860294DAB43003FB352 /* Release */,
			);
			defaultConfigurationIsVisible = 0;
			defaultConfigurationName = Release;
		};
/* End XCConfigurationList section */

/* Begin XCVersionGroup section */
		2ADB3837294DAB40003FB352 /* memeME1.xcdatamodeld */ = {
			isa = XCVersionGroup;
			children = (
				2ADB3838294DAB40003FB352 /* memeME1.xcdatamodel */,
			);
			currentVersion = 2ADB3838294DAB40003FB352 /* memeME1.xcdatamodel */;
			path = memeME1.xcdatamodeld;
			sourceTree = "<group>";
			versionGroupType = wrapper.xcdatamodel;
		};
/* End XCVersionGroup section */
	};
	rootObject = 2ADB3823294DAB40003FB352 /* Project object */;
}
